
Microsoft Visual Studio Solution File, Format Version 12.00
# Visual Studio 2013
VisualStudioVersion = 12.0.31101.0
MinimumVisualStudioVersion = 10.0.40219.1
Project("{FAE04EC0-301F-11D3-BF4B-00C04F79EFBC}") = "NSurveyGizmo", "NSurveyGizmo\NSurveyGizmo.csproj", "{40916203-AF13-4A2F-B72D-AE96E84B5C27}"
EndProject
Project("{FAE04EC0-301F-11D3-BF4B-00C04F79EFBC}") = "NSurveyGizmo.Tests", "NSurveyGizmo.Tests\NSurveyGizmo.Tests.csproj", "{BE731F8E-2275-4A14-89E2-941AFFA3AC0B}"
EndProject
Global
	GlobalSection(SolutionConfigurationPlatforms) = preSolution
		Debug|Any CPU = Debug|Any CPU
		Release|Any CPU = Release|Any CPU
	EndGlobalSection
	GlobalSection(ProjectConfigurationPlatforms) = postSolution
		{40916203-AF13-4A2F-B72D-AE96E84B5C27}.Debug|Any CPU.ActiveCfg = Debug|Any CPU
		{40916203-AF13-4A2F-B72D-AE96E84B5C27}.Debug|Any CPU.Build.0 = Debug|Any CPU
		{40916203-AF13-4A2F-B72D-AE96E84B5C27}.Release|Any CPU.ActiveCfg = Release|Any CPU
		{40916203-AF13-4A2F-B72D-AE96E84B5C27}.Release|Any CPU.Build.0 = Release|Any CPU
		{BE731F8E-2275-4A14-89E2-941AFFA3AC0B}.Debug|Any CPU.ActiveCfg = Debug|Any CPU
		{BE731F8E-2275-4A14-89E2-941AFFA3AC0B}.Debug|Any CPU.Build.0 = Debug|Any CPU
		{BE731F8E-2275-4A14-89E2-941AFFA3AC0B}.Release|Any CPU.ActiveCfg = Release|Any CPU
		{BE731F8E-2275-4A14-89E2-941AFFA3AC0B}.Release|Any CPU.Build.0 = Release|Any CPU
	EndGlobalSection
	GlobalSection(SolutionProperties) = preSolution
		HideSolutionNode = FALSE
	EndGlobalSection
EndGlobal
